
Microsoft Visual Studio Solution File, Format Version 12.00
# Visual Studio 15
VisualStudioVersion = 15.0.28307.329
MinimumVisualStudioVersion = 10.0.40219.1
Project("{FAE04EC0-301F-11D3-BF4B-00C04F79EFBC}") = "LabDS", "LabDS\LabDS.csproj", "{5CB75B2E-5CC7-4F6F-8ABE-6E2F12665701}"
EndProject
Global
	GlobalSection(SolutionConfigurationPlatforms) = preSolution
		Debug|Any CPU = Debug|Any CPU
		Release|Any CPU = Release|Any CPU
	EndGlobalSection
	GlobalSection(ProjectConfigurationPlatforms) = postSolution
		{5CB75B2E-5CC7-4F6F-8ABE-6E2F12665701}.Debug|Any CPU.ActiveCfg = Debug|Any CPU
		{5CB75B2E-5CC7-4F6F-8ABE-6E2F12665701}.Debug|Any CPU.Build.0 = Debug|Any CPU
		{5CB75B2E-5CC7-4F6F-8ABE-6E2F12665701}.Release|Any CPU.ActiveCfg = Release|Any CPU
		{5CB75B2E-5CC7-4F6F-8ABE-6E2F12665701}.Release|Any CPU.Build.0 = Release|Any CPU
	EndGlobalSection
	GlobalSection(SolutionProperties) = preSolution
		HideSolutionNode = FALSE
	EndGlobalSection
	GlobalSection(ExtensibilityGlobals) = postSolution
		SolutionGuid = {0058696B-0475-4132-A5C9-15B7417EBF73}
	EndGlobalSection
EndGlobal
